{
  "name": "badge-fixups",
  "version": "1.0.0",
  "lockfileVersion": 2,
  "requires": true,
  "packages": {
    "": {
      "version": "1.0.0",
      "license": "MIT",
      "devDependencies": {
        "uglify-js": "^3.13.6"
      }
    },
    "node_modules/uglify-js": {
      "version": "3.13.6",
      "resolved": "https://registry.npmjs.org/uglify-js/-/uglify-js-3.13.6.tgz",
      "integrity": "sha512-rRprLwl8RVaS+Qvx3Wh5hPfPBn9++G6xkGlUupya0s5aDmNjI7z3lnRLB3u7sN4OmbB0pWgzhM9BEJyiWAwtAA==",
      "dev": true,
      "bin": {
        "uglifyjs": "bin/uglifyjs"
      },
      "engines": {
        "node": ">=0.8.0"
      }
    }
  },
  "dependencies": {
    "uglify-js": {
      "version": "3.13.6",
      "resolved": "https://registry.npmjs.org/uglify-js/-/uglify-js-3.13.6.tgz",
      "integrity": "sha512-rRprLwl8RVaS+Qvx3Wh5hPfPBn9++G6xkGlUupya0s5aDmNjI7z3lnRLB3u7sN4OmbB0pWgzhM9BEJyiWAwtAA==",
      "dev": true
    }
  }
}
